// !$*UTF8*$!
{
	archiveVersion = 1;
	classes = {
	};
	objectVersion = 56;
	objects = {

/* Begin PBXBuildFile section */
		251072502A074133006EEBA3 /* AppMain.swift in Sources */ = {isa = PBXBuildFile; fileRef = 2510724F2A074133006EEBA3 /* AppMain.swift */; };
		251072522A074133006EEBA3 /* RootView.swift in Sources */ = {isa = PBXBuildFile; fileRef = 251072512A074133006EEBA3 /* RootView.swift */; };
		251072542A074134006EEBA3 /* Assets.xcassets in Resources */ = {isa = PBXBuildFile; fileRef = 251072532A074134006EEBA3 /* Assets.xcassets */; };
		251072572A074134006EEBA3 /* Preview Assets.xcassets in Resources */ = {isa = PBXBuildFile; fileRef = 251072562A074134006EEBA3 /* Preview Assets.xcassets */; };
		251072612A074134006EEBA3 /* Challenge_ShopTests.swift in Sources */ = {isa = PBXBuildFile; fileRef = 251072602A074134006EEBA3 /* Challenge_ShopTests.swift */; };
		25445FF12A07449500EB79F1 /* Color.swift in Sources */ = {isa = PBXBuildFile; fileRef = 25445FF02A07449500EB79F1 /* Color.swift */; };
		25445FF72A074BB400EB79F1 /* Product.swift in Sources */ = {isa = PBXBuildFile; fileRef = 25445FF62A074BB400EB79F1 /* Product.swift */; };
		25445FFB2A07540D00EB79F1 /* ProductListView.swift in Sources */ = {isa = PBXBuildFile; fileRef = 25445FFA2A07540D00EB79F1 /* ProductListView.swift */; };
		25445FFD2A07542400EB79F1 /* ProductsListViewModel.swift in Sources */ = {isa = PBXBuildFile; fileRef = 25445FFC2A07542400EB79F1 /* ProductsListViewModel.swift */; };
		254460002A07546000EB79F1 /* APIClient.swift in Sources */ = {isa = PBXBuildFile; fileRef = 25445FFF2A07546000EB79F1 /* APIClient.swift */; };
		254460022A0754D000EB79F1 /* StoreAPIClient.swift in Sources */ = {isa = PBXBuildFile; fileRef = 254460012A0754D000EB79F1 /* StoreAPIClient.swift */; };
		254460052A0755E100EB79F1 /* ProductDetailView.swift in Sources */ = {isa = PBXBuildFile; fileRef = 254460042A0755E100EB79F1 /* ProductDetailView.swift */; };
/* End PBXBuildFile section */

/* Begin PBXContainerItemProxy section */
		2510725D2A074134006EEBA3 /* PBXContainerItemProxy */ = {
			isa = PBXContainerItemProxy;
			containerPortal = 251072442A074133006EEBA3 /* Project object */;
			proxyType = 1;
			remoteGlobalIDString = 2510724B2A074133006EEBA3;
			remoteInfo = "Challenge Shop";
		};
/* End PBXContainerItemProxy section */

/* Begin PBXFileReference section */
		2510724C2A074133006EEBA3 /* Challenge Shop.app */ = {isa = PBXFileReference; explicitFileType = wrapper.application; includeInIndex = 0; path = "Challenge Shop.app"; sourceTree = BUILT_PRODUCTS_DIR; };
		2510724F2A074133006EEBA3 /* AppMain.swift */ = {isa = PBXFileReference; lastKnownFileType = sourcecode.swift; path = AppMain.swift; sourceTree = "<group>"; };
		251072512A074133006EEBA3 /* RootView.swift */ = {isa = PBXFileReference; lastKnownFileType = sourcecode.swift; path = RootView.swift; sourceTree = "<group>"; };
		251072532A074134006EEBA3 /* Assets.xcassets */ = {isa = PBXFileReference; lastKnownFileType = folder.assetcatalog; path = Assets.xcassets; sourceTree = "<group>"; };
		251072562A074134006EEBA3 /* Preview Assets.xcassets */ = {isa = PBXFileReference; lastKnownFileType = folder.assetcatalog; path = "Preview Assets.xcassets"; sourceTree = "<group>"; };
		2510725C2A074134006EEBA3 /* Challenge ShopTests.xctest */ = {isa = PBXFileReference; explicitFileType = wrapper.cfbundle; includeInIndex = 0; path = "Challenge ShopTests.xctest"; sourceTree = BUILT_PRODUCTS_DIR; };
		251072602A074134006EEBA3 /* Challenge_ShopTests.swift */ = {isa = PBXFileReference; lastKnownFileType = sourcecode.swift; path = Challenge_ShopTests.swift; sourceTree = "<group>"; };
		25445FF02A07449500EB79F1 /* Color.swift */ = {isa = PBXFileReference; lastKnownFileType = sourcecode.swift; path = Color.swift; sourceTree = "<group>"; };
		25445FF62A074BB400EB79F1 /* Product.swift */ = {isa = PBXFileReference; lastKnownFileType = sourcecode.swift; path = Product.swift; sourceTree = "<group>"; };
		25445FFA2A07540D00EB79F1 /* ProductListView.swift */ = {isa = PBXFileReference; lastKnownFileType = sourcecode.swift; path = ProductListView.swift; sourceTree = "<group>"; };
		25445FFC2A07542400EB79F1 /* ProductsListViewModel.swift */ = {isa = PBXFileReference; lastKnownFileType = sourcecode.swift; path = ProductsListViewModel.swift; sourceTree = "<group>"; };
		25445FFF2A07546000EB79F1 /* APIClient.swift */ = {isa = PBXFileReference; lastKnownFileType = sourcecode.swift; path = APIClient.swift; sourceTree = "<group>"; };
		254460012A0754D000EB79F1 /* StoreAPIClient.swift */ = {isa = PBXFileReference; lastKnownFileType = sourcecode.swift; path = StoreAPIClient.swift; sourceTree = "<group>"; };
		254460042A0755E100EB79F1 /* ProductDetailView.swift */ = {isa = PBXFileReference; lastKnownFileType = sourcecode.swift; path = ProductDetailView.swift; sourceTree = "<group>"; };
/* End PBXFileReference section */

/* Begin PBXFrameworksBuildPhase section */
		251072492A074133006EEBA3 /* Frameworks */ = {
			isa = PBXFrameworksBuildPhase;
			buildActionMask = 2147483647;
			files = (
			);
			runOnlyForDeploymentPostprocessing = 0;
		};
		251072592A074134006EEBA3 /* Frameworks */ = {
			isa = PBXFrameworksBuildPhase;
			buildActionMask = 2147483647;
			files = (
			);
			runOnlyForDeploymentPostprocessing = 0;
		};
/* End PBXFrameworksBuildPhase section */

/* Begin PBXGroup section */
		251072432A074133006EEBA3 = {
			isa = PBXGroup;
			children = (
				2510724E2A074133006EEBA3 /* Challenge Shop */,
				2510725F2A074134006EEBA3 /* Challenge ShopTests */,
				2510724D2A074133006EEBA3 /* Products */,
			);
			sourceTree = "<group>";
		};
		2510724D2A074133006EEBA3 /* Products */ = {
			isa = PBXGroup;
			children = (
				2510724C2A074133006EEBA3 /* Challenge Shop.app */,
				2510725C2A074134006EEBA3 /* Challenge ShopTests.xctest */,
			);
			name = Products;
			sourceTree = "<group>";
		};
		2510724E2A074133006EEBA3 /* Challenge Shop */ = {
			isa = PBXGroup;
			children = (
				25445FF42A074B9C00EB79F1 /* Data */,
				25445FF22A0744F500EB79F1 /* Application */,
				25445FEE2A07440F00EB79F1 /* View */,
				251072512A074133006EEBA3 /* RootView.swift */,
				251072552A074134006EEBA3 /* Preview Content */,
			);
			path = "Challenge Shop";
			sourceTree = "<group>";
		};
		251072552A074134006EEBA3 /* Preview Content */ = {
			isa = PBXGroup;
			children = (
				251072562A074134006EEBA3 /* Preview Assets.xcassets */,
			);
			path = "Preview Content";
			sourceTree = "<group>";
		};
		2510725F2A074134006EEBA3 /* Challenge ShopTests */ = {
			isa = PBXGroup;
			children = (
				251072602A074134006EEBA3 /* Challenge_ShopTests.swift */,
			);
			path = "Challenge ShopTests";
			sourceTree = "<group>";
		};
		25445FEE2A07440F00EB79F1 /* View */ = {
			isa = PBXGroup;
			children = (
				254460032A0755D600EB79F1 /* ProductDetail */,
				25445FF92A07540500EB79F1 /* ProductList */,
				25445FF82A07540100EB79F1 /* New Group */,
				25445FEF2A07448F00EB79F1 /* Extensions */,
			);
			path = View;
			sourceTree = "<group>";
		};
		25445FEF2A07448F00EB79F1 /* Extensions */ = {
			isa = PBXGroup;
			children = (
				25445FF02A07449500EB79F1 /* Color.swift */,
			);
			path = Extensions;
			sourceTree = "<group>";
		};
		25445FF22A0744F500EB79F1 /* Application */ = {
			isa = PBXGroup;
			children = (
				25445FF32A07450200EB79F1 /* Resources */,
				2510724F2A074133006EEBA3 /* AppMain.swift */,
			);
			path = Application;
			sourceTree = "<group>";
		};
		25445FF32A07450200EB79F1 /* Resources */ = {
			isa = PBXGroup;
			children = (
				251072532A074134006EEBA3 /* Assets.xcassets */,
			);
			path = Resources;
			sourceTree = "<group>";
		};
		25445FF42A074B9C00EB79F1 /* Data */ = {
			isa = PBXGroup;
			children = (
				25445FFE2A07545A00EB79F1 /* APIClient */,
				25445FF52A074BAA00EB79F1 /* Entities */,
			);
			path = Data;
			sourceTree = "<group>";
		};
		25445FF52A074BAA00EB79F1 /* Entities */ = {
			isa = PBXGroup;
			children = (
				25445FF62A074BB400EB79F1 /* Product.swift */,
			);
			path = Entities;
			sourceTree = "<group>";
		};
		25445FF82A07540100EB79F1 /* New Group */ = {
			isa = PBXGroup;
			children = (
			);
			name = "New Group";
			sourceTree = "<group>";
		};
		25445FF92A07540500EB79F1 /* ProductList */ = {
			isa = PBXGroup;
			children = (
				25445FFA2A07540D00EB79F1 /* ProductListView.swift */,
				25445FFC2A07542400EB79F1 /* ProductsListViewModel.swift */,
			);
			path = ProductList;
			sourceTree = "<group>";
		};
		25445FFE2A07545A00EB79F1 /* APIClient */ = {
			isa = PBXGroup;
			children = (
				25445FFF2A07546000EB79F1 /* APIClient.swift */,
				254460012A0754D000EB79F1 /* StoreAPIClient.swift */,
			);
			path = APIClient;
			sourceTree = "<group>";
		};
		254460032A0755D600EB79F1 /* ProductDetail */ = {
			isa = PBXGroup;
			children = (
				254460042A0755E100EB79F1 /* ProductDetailView.swift */,
			);
			path = ProductDetail;
			sourceTree = "<group>";
		};
/* End PBXGroup section */

/* Begin PBXNativeTarget section */
		2510724B2A074133006EEBA3 /* Challenge Shop */ = {
			isa = PBXNativeTarget;
			buildConfigurationList = 251072702A074134006EEBA3 /* Build configuration list for PBXNativeTarget "Challenge Shop" */;
			buildPhases = (
				251072482A074133006EEBA3 /* Sources */,
				251072492A074133006EEBA3 /* Frameworks */,
				2510724A2A074133006EEBA3 /* Resources */,
			);
			buildRules = (
			);
			dependencies = (
			);
			name = "Challenge Shop";
			productName = "Challenge Shop";
			productReference = 2510724C2A074133006EEBA3 /* Challenge Shop.app */;
			productType = "com.apple.product-type.application";
		};
		2510725B2A074134006EEBA3 /* Challenge ShopTests */ = {
			isa = PBXNativeTarget;
			buildConfigurationList = 251072732A074134006EEBA3 /* Build configuration list for PBXNativeTarget "Challenge ShopTests" */;
			buildPhases = (
				251072582A074134006EEBA3 /* Sources */,
				251072592A074134006EEBA3 /* Frameworks */,
				2510725A2A074134006EEBA3 /* Resources */,
			);
			buildRules = (
			);
			dependencies = (
				2510725E2A074134006EEBA3 /* PBXTargetDependency */,
			);
			name = "Challenge ShopTests";
			productName = "Challenge ShopTests";
			productReference = 2510725C2A074134006EEBA3 /* Challenge ShopTests.xctest */;
			productType = "com.apple.product-type.bundle.unit-test";
		};
/* End PBXNativeTarget section */

/* Begin PBXProject section */
		251072442A074133006EEBA3 /* Project object */ = {
			isa = PBXProject;
			attributes = {
				BuildIndependentTargetsInParallel = 1;
				LastSwiftUpdateCheck = 1430;
				LastUpgradeCheck = 1430;
				TargetAttributes = {
					2510724B2A074133006EEBA3 = {
						CreatedOnToolsVersion = 14.3;
					};
					2510725B2A074134006EEBA3 = {
						CreatedOnToolsVersion = 14.3;
						TestTargetID = 2510724B2A074133006EEBA3;
					};
				};
			};
			buildConfigurationList = 251072472A074133006EEBA3 /* Build configuration list for PBXProject "Challenge Shop" */;
			compatibilityVersion = "Xcode 14.0";
			developmentRegion = "pt-BR";
			hasScannedForEncodings = 0;
			knownRegions = (
				Base,
				"pt-BR",
			);
			mainGroup = 251072432A074133006EEBA3;
			productRefGroup = 2510724D2A074133006EEBA3 /* Products */;
			projectDirPath = "";
			projectRoot = "";
			targets = (
				2510724B2A074133006EEBA3 /* Challenge Shop */,
				2510725B2A074134006EEBA3 /* Challenge ShopTests */,
			);
		};
/* End PBXProject section */

/* Begin PBXResourcesBuildPhase section */
		2510724A2A074133006EEBA3 /* Resources */ = {
			isa = PBXResourcesBuildPhase;
			buildActionMask = 2147483647;
			files = (
				251072572A074134006EEBA3 /* Preview Assets.xcassets in Resources */,
				251072542A074134006EEBA3 /* Assets.xcassets in Resources */,
			);
			runOnlyForDeploymentPostprocessing = 0;
		};
		2510725A2A074134006EEBA3 /* Resources */ = {
			isa = PBXResourcesBuildPhase;
			buildActionMask = 2147483647;
			files = (
			);
			runOnlyForDeploymentPostprocessing = 0;
		};
/* End PBXResourcesBuildPhase section */

/* Begin PBXSourcesBuildPhase section */
		251072482A074133006EEBA3 /* Sources */ = {
			isa = PBXSourcesBuildPhase;
			buildActionMask = 2147483647;
			files = (
				251072522A074133006EEBA3 /* RootView.swift in Sources */,
				25445FF72A074BB400EB79F1 /* Product.swift in Sources */,
				25445FFD2A07542400EB79F1 /* ProductsListViewModel.swift in Sources */,
				251072502A074133006EEBA3 /* AppMain.swift in Sources */,
				25445FF12A07449500EB79F1 /* Color.swift in Sources */,
				254460022A0754D000EB79F1 /* StoreAPIClient.swift in Sources */,
				254460002A07546000EB79F1 /* APIClient.swift in Sources */,
				25445FFB2A07540D00EB79F1 /* ProductListView.swift in Sources */,
				254460052A0755E100EB79F1 /* ProductDetailView.swift in Sources */,
			);
			runOnlyForDeploymentPostprocessing = 0;
		};
		251072582A074134006EEBA3 /* Sources */ = {
			isa = PBXSourcesBuildPhase;
			buildActionMask = 2147483647;
			files = (
				251072612A074134006EEBA3 /* Challenge_ShopTests.swift in Sources */,
			);
			runOnlyForDeploymentPostprocessing = 0;
		};
/* End PBXSourcesBuildPhase section */

/* Begin PBXTargetDependency section */
		2510725E2A074134006EEBA3 /* PBXTargetDependency */ = {
			isa = PBXTargetDependency;
			target = 2510724B2A074133006EEBA3 /* Challenge Shop */;
			targetProxy = 2510725D2A074134006EEBA3 /* PBXContainerItemProxy */;
		};
/* End PBXTargetDependency section */

/* Begin XCBuildConfiguration section */
		2510726E2A074134006EEBA3 /* Debug */ = {
			isa = XCBuildConfiguration;
			buildSettings = {
				ALWAYS_SEARCH_USER_PATHS = NO;
				CLANG_ANALYZER_NONNULL = YES;
				CLANG_ANALYZER_NUMBER_OBJECT_CONVERSION = YES_AGGRESSIVE;
				CLANG_CXX_LANGUAGE_STANDARD = "gnu++20";
				CLANG_ENABLE_MODULES = YES;
				CLANG_ENABLE_OBJC_ARC = YES;
				CLANG_ENABLE_OBJC_WEAK = YES;
				CLANG_WARN_BLOCK_CAPTURE_AUTORELEASING = YES;
				CLANG_WARN_BOOL_CONVERSION = YES;
				CLANG_WARN_COMMA = YES;
				CLANG_WARN_CONSTANT_CONVERSION = YES;
				CLANG_WARN_DEPRECATED_OBJC_IMPLEMENTATIONS = YES;
				CLANG_WARN_DIRECT_OBJC_ISA_USAGE = YES_ERROR;
				CLANG_WARN_DOCUMENTATION_COMMENTS = YES;
				CLANG_WARN_EMPTY_BODY = YES;
				CLANG_WARN_ENUM_CONVERSION = YES;
				CLANG_WARN_INFINITE_RECURSION = YES;
				CLANG_WARN_INT_CONVERSION = YES;
				CLANG_WARN_NON_LITERAL_NULL_CONVERSION = YES;
				CLANG_WARN_OBJC_IMPLICIT_RETAIN_SELF = YES;
				CLANG_WARN_OBJC_LITERAL_CONVERSION = YES;
				CLANG_WARN_OBJC_ROOT_CLASS = YES_ERROR;
				CLANG_WARN_QUOTED_INCLUDE_IN_FRAMEWORK_HEADER = YES;
				CLANG_WARN_RANGE_LOOP_ANALYSIS = YES;
				CLANG_WARN_STRICT_PROTOTYPES = YES;
				CLANG_WARN_SUSPICIOUS_MOVE = YES;
				CLANG_WARN_UNGUARDED_AVAILABILITY = YES_AGGRESSIVE;
				CLANG_WARN_UNREACHABLE_CODE = YES;
				CLANG_WARN__DUPLICATE_METHOD_MATCH = YES;
				COPY_PHASE_STRIP = NO;
				DEBUG_INFORMATION_FORMAT = dwarf;
				ENABLE_STRICT_OBJC_MSGSEND = YES;
				ENABLE_TESTABILITY = YES;
				GCC_C_LANGUAGE_STANDARD = gnu11;
				GCC_DYNAMIC_NO_PIC = NO;
				GCC_NO_COMMON_BLOCKS = YES;
				GCC_OPTIMIZATION_LEVEL = 0;
				GCC_PREPROCESSOR_DEFINITIONS = (
					"DEBUG=1",
					"$(inherited)",
				);
				GCC_WARN_64_TO_32_BIT_CONVERSION = YES;
				GCC_WARN_ABOUT_RETURN_TYPE = YES_ERROR;
				GCC_WARN_UNDECLARED_SELECTOR = YES;
				GCC_WARN_UNINITIALIZED_AUTOS = YES_AGGRESSIVE;
				GCC_WARN_UNUSED_FUNCTION = YES;
				GCC_WARN_UNUSED_VARIABLE = YES;
				IPHONEOS_DEPLOYMENT_TARGET = 14.2;
				MTL_ENABLE_DEBUG_INFO = INCLUDE_SOURCE;
				MTL_FAST_MATH = YES;
				ONLY_ACTIVE_ARCH = YES;
				SDKROOT = iphoneos;
				SWIFT_ACTIVE_COMPILATION_CONDITIONS = DEBUG;
				SWIFT_OPTIMIZATION_LEVEL = "-Onone";
			};
			name = Debug;
		};
		2510726F2A074134006EEBA3 /* Release */ = {
			isa = XCBuildConfiguration;
			buildSettings = {
				ALWAYS_SEARCH_USER_PATHS = NO;
				CLANG_ANALYZER_NONNULL = YES;
				CLANG_ANALYZER_NUMBER_OBJECT_CONVERSION = YES_AGGRESSIVE;
				CLANG_CXX_LANGUAGE_STANDARD = "gnu++20";
				CLANG_ENABLE_MODULES = YES;
				CLANG_ENABLE_OBJC_ARC = YES;
				CLANG_ENABLE_OBJC_WEAK = YES;
				CLANG_WARN_BLOCK_CAPTURE_AUTORELEASING = YES;
				CLANG_WARN_BOOL_CONVERSION = YES;
				CLANG_WARN_COMMA = YES;
				CLANG_WARN_CONSTANT_CONVERSION = YES;
				CLANG_WARN_DEPRECATED_OBJC_IMPLEMENTATIONS = YES;
				CLANG_WARN_DIRECT_OBJC_ISA_USAGE = YES_ERROR;
				CLANG_WARN_DOCUMENTATION_COMMENTS = YES;
				CLANG_WARN_EMPTY_BODY = YES;
				CLANG_WARN_ENUM_CONVERSION = YES;
				CLANG_WARN_INFINITE_RECURSION = YES;
				CLANG_WARN_INT_CONVERSION = YES;
				CLANG_WARN_NON_LITERAL_NULL_CONVERSION = YES;
				CLANG_WARN_OBJC_IMPLICIT_RETAIN_SELF = YES;
				CLANG_WARN_OBJC_LITERAL_CONVERSION = YES;
				CLANG_WARN_OBJC_ROOT_CLASS = YES_ERROR;
				CLANG_WARN_QUOTED_INCLUDE_IN_FRAMEWORK_HEADER = YES;
				CLANG_WARN_RANGE_LOOP_ANALYSIS = YES;
				CLANG_WARN_STRICT_PROTOTYPES = YES;
				CLANG_WARN_SUSPICIOUS_MOVE = YES;
				CLANG_WARN_UNGUARDED_AVAILABILITY = YES_AGGRESSIVE;
				CLANG_WARN_UNREACHABLE_CODE = YES;
				CLANG_WARN__DUPLICATE_METHOD_MATCH = YES;
				COPY_PHASE_STRIP = NO;
				DEBUG_INFORMATION_FORMAT = "dwarf-with-dsym";
				ENABLE_NS_ASSERTIONS = NO;
				ENABLE_STRICT_OBJC_MSGSEND = YES;
				GCC_C_LANGUAGE_STANDARD = gnu11;
				GCC_NO_COMMON_BLOCKS = YES;
				GCC_WARN_64_TO_32_BIT_CONVERSION = YES;
				GCC_WARN_ABOUT_RETURN_TYPE = YES_ERROR;
				GCC_WARN_UNDECLARED_SELECTOR = YES;
				GCC_WARN_UNINITIALIZED_AUTOS = YES_AGGRESSIVE;
				GCC_WARN_UNUSED_FUNCTION = YES;
				GCC_WARN_UNUSED_VARIABLE = YES;
				IPHONEOS_DEPLOYMENT_TARGET = 14.2;
				MTL_ENABLE_DEBUG_INFO = NO;
				MTL_FAST_MATH = YES;
				SDKROOT = iphoneos;
				SWIFT_COMPILATION_MODE = wholemodule;
				SWIFT_OPTIMIZATION_LEVEL = "-O";
				VALIDATE_PRODUCT = YES;
			};
			name = Release;
		};
		251072712A074134006EEBA3 /* Debug */ = {
			isa = XCBuildConfiguration;
			buildSettings = {
				ASSETCATALOG_COMPILER_APPICON_NAME = AppIcon;
				ASSETCATALOG_COMPILER_GLOBAL_ACCENT_COLOR_NAME = AccentColor;
				CODE_SIGN_STYLE = Automatic;
				CURRENT_PROJECT_VERSION = 1;
				DEVELOPMENT_ASSET_PATHS = "\"Challenge Shop/Preview Content\"";
				DEVELOPMENT_TEAM = U8UTEYQGFA;
				ENABLE_PREVIEWS = YES;
				GENERATE_INFOPLIST_FILE = YES;
				INFOPLIST_KEY_UIApplicationSceneManifest_Generation = YES;
				INFOPLIST_KEY_UIApplicationSupportsIndirectInputEvents = YES;
				INFOPLIST_KEY_UILaunchScreen_Generation = YES;
				INFOPLIST_KEY_UISupportedInterfaceOrientations_iPad = "UIInterfaceOrientationPortrait UIInterfaceOrientationPortraitUpsideDown UIInterfaceOrientationLandscapeLeft UIInterfaceOrientationLandscapeRight";
				INFOPLIST_KEY_UISupportedInterfaceOrientations_iPhone = "UIInterfaceOrientationPortrait UIInterfaceOrientationLandscapeLeft UIInterfaceOrientationLandscapeRight";
				IPHONEOS_DEPLOYMENT_TARGET = 15.0;
				LD_RUNPATH_SEARCH_PATHS = (
					"$(inherited)",
					"@executable_path/Frameworks",
				);
				MARKETING_VERSION = 1.0;
				PRODUCT_BUNDLE_IDENTIFIER = "io.github.arthurdapaz.Challenge-Shop";
				PRODUCT_NAME = "$(TARGET_NAME)";
				SWIFT_EMIT_LOC_STRINGS = YES;
				SWIFT_VERSION = 5.0;
				TARGETED_DEVICE_FAMILY = "1,2";
			};
			name = Debug;
		};
		251072722A074134006EEBA3 /* Release */ = {
			isa = XCBuildConfiguration;
			buildSettings = {
				ASSETCATALOG_COMPILER_APPICON_NAME = AppIcon;
				ASSETCATALOG_COMPILER_GLOBAL_ACCENT_COLOR_NAME = AccentColor;
				CODE_SIGN_STYLE = Automatic;
				CURRENT_PROJECT_VERSION = 1;
				DEVELOPMENT_ASSET_PATHS = "\"Challenge Shop/Preview Content\"";
				DEVELOPMENT_TEAM = U8UTEYQGFA;
				ENABLE_PREVIEWS = YES;
				GENERATE_INFOPLIST_FILE = YES;
				INFOPLIST_KEY_UIApplicationSceneManifest_Generation = YES;
				INFOPLIST_KEY_UIApplicationSupportsIndirectInputEvents = YES;
				INFOPLIST_KEY_UILaunchScreen_Generation = YES;
				INFOPLIST_KEY_UISupportedInterfaceOrientations_iPad = "UIInterfaceOrientationPortrait UIInterfaceOrientationPortraitUpsideDown UIInterfaceOrientationLandscapeLeft UIInterfaceOrientationLandscapeRight";
				INFOPLIST_KEY_UISupportedInterfaceOrientations_iPhone = "UIInterfaceOrientationPortrait UIInterfaceOrientationLandscapeLeft UIInterfaceOrientationLandscapeRight";
				IPHONEOS_DEPLOYMENT_TARGET = 15.0;
				LD_RUNPATH_SEARCH_PATHS = (
					"$(inherited)",
					"@executable_path/Frameworks",
				);
				MARKETING_VERSION = 1.0;
				PRODUCT_BUNDLE_IDENTIFIER = "io.github.arthurdapaz.Challenge-Shop";
				PRODUCT_NAME = "$(TARGET_NAME)";
				SWIFT_EMIT_LOC_STRINGS = YES;
				SWIFT_VERSION = 5.0;
				TARGETED_DEVICE_FAMILY = "1,2";
			};
			name = Release;
		};
		251072742A074134006EEBA3 /* Debug */ = {
			isa = XCBuildConfiguration;
			buildSettings = {
				ALWAYS_EMBED_SWIFT_STANDARD_LIBRARIES = YES;
				BUNDLE_LOADER = "$(TEST_HOST)";
				CODE_SIGN_STYLE = Automatic;
				CURRENT_PROJECT_VERSION = 1;
				DEVELOPMENT_TEAM = U8UTEYQGFA;
				GENERATE_INFOPLIST_FILE = YES;
				IPHONEOS_DEPLOYMENT_TARGET = 16.4;
				MARKETING_VERSION = 1.0;
				PRODUCT_BUNDLE_IDENTIFIER = "io.github.arthurdapaz.Challenge-ShopTests";
				PRODUCT_NAME = "$(TARGET_NAME)";
				SWIFT_EMIT_LOC_STRINGS = NO;
				SWIFT_VERSION = 5.0;
				TARGETED_DEVICE_FAMILY = "1,2";
				TEST_HOST = "$(BUILT_PRODUCTS_DIR)/Challenge Shop.app/$(BUNDLE_EXECUTABLE_FOLDER_PATH)/Challenge Shop";
			};
			name = Debug;
		};
		251072752A074134006EEBA3 /* Release */ = {
			isa = XCBuildConfiguration;
			buildSettings = {
				ALWAYS_EMBED_SWIFT_STANDARD_LIBRARIES = YES;
				BUNDLE_LOADER = "$(TEST_HOST)";
				CODE_SIGN_STYLE = Automatic;
				CURRENT_PROJECT_VERSION = 1;
				DEVELOPMENT_TEAM = U8UTEYQGFA;
				GENERATE_INFOPLIST_FILE = YES;
				IPHONEOS_DEPLOYMENT_TARGET = 16.4;
				MARKETING_VERSION = 1.0;
				PRODUCT_BUNDLE_IDENTIFIER = "io.github.arthurdapaz.Challenge-ShopTests";
				PRODUCT_NAME = "$(TARGET_NAME)";
				SWIFT_EMIT_LOC_STRINGS = NO;
				SWIFT_VERSION = 5.0;
				TARGETED_DEVICE_FAMILY = "1,2";
				TEST_HOST = "$(BUILT_PRODUCTS_DIR)/Challenge Shop.app/$(BUNDLE_EXECUTABLE_FOLDER_PATH)/Challenge Shop";
			};
			name = Release;
		};
/* End XCBuildConfiguration section */

/* Begin XCConfigurationList section */
		251072472A074133006EEBA3 /* Build configuration list for PBXProject "Challenge Shop" */ = {
			isa = XCConfigurationList;
			buildConfigurations = (
				2510726E2A074134006EEBA3 /* Debug */,
				2510726F2A074134006EEBA3 /* Release */,
			);
			defaultConfigurationIsVisible = 0;
			defaultConfigurationName = Release;
		};
		251072702A074134006EEBA3 /* Build configuration list for PBXNativeTarget "Challenge Shop" */ = {
			isa = XCConfigurationList;
			buildConfigurations = (
				251072712A074134006EEBA3 /* Debug */,
				251072722A074134006EEBA3 /* Release */,
			);
			defaultConfigurationIsVisible = 0;
			defaultConfigurationName = Release;
		};
		251072732A074134006EEBA3 /* Build configuration list for PBXNativeTarget "Challenge ShopTests" */ = {
			isa = XCConfigurationList;
			buildConfigurations = (
				251072742A074134006EEBA3 /* Debug */,
				251072752A074134006EEBA3 /* Release */,
			);
			defaultConfigurationIsVisible = 0;
			defaultConfigurationName = Release;
		};
/* End XCConfigurationList section */
	};
	rootObject = 251072442A074133006EEBA3 /* Project object */;
}
